
Microsoft Visual Studio Solution File, Format Version 12.00
Project("{FAE04EC0-301F-11D3-BF4B-00C04F79EFBC}") = "GrpcVsHttpBenchmark", "GrpcVsHttpBenchmark\GrpcVsHttpBenchmark.csproj", "{345D7676-E953-4EFC-8CEF-CB066741DC29}"
EndProject
Project("{FAE04EC0-301F-11D3-BF4B-00C04F79EFBC}") = "GrpcServer", "GrpcServer\GrpcServer.csproj", "{237E789B-6512-47A5-8391-DBBCF13D8155}"
EndProject
Project("{FAE04EC0-301F-11D3-BF4B-00C04F79EFBC}") = "HttpServer", "HttpServer\HttpServer.csproj", "{2C19DB67-2026-4003-8650-91E4FCC0BF91}"
EndProject
Global
	GlobalSection(SolutionConfigurationPlatforms) = preSolution
		Debug|Any CPU = Debug|Any CPU
		Release|Any CPU = Release|Any CPU
	EndGlobalSection
	GlobalSection(ProjectConfigurationPlatforms) = postSolution
		{345D7676-E953-4EFC-8CEF-CB066741DC29}.Debug|Any CPU.ActiveCfg = Debug|Any CPU
		{345D7676-E953-4EFC-8CEF-CB066741DC29}.Debug|Any CPU.Build.0 = Debug|Any CPU
		{345D7676-E953-4EFC-8CEF-CB066741DC29}.Release|Any CPU.ActiveCfg = Release|Any CPU
		{345D7676-E953-4EFC-8CEF-CB066741DC29}.Release|Any CPU.Build.0 = Release|Any CPU
		{237E789B-6512-47A5-8391-DBBCF13D8155}.Debug|Any CPU.ActiveCfg = Debug|Any CPU
		{237E789B-6512-47A5-8391-DBBCF13D8155}.Debug|Any CPU.Build.0 = Debug|Any CPU
		{237E789B-6512-47A5-8391-DBBCF13D8155}.Release|Any CPU.ActiveCfg = Release|Any CPU
		{237E789B-6512-47A5-8391-DBBCF13D8155}.Release|Any CPU.Build.0 = Release|Any CPU
		{2C19DB67-2026-4003-8650-91E4FCC0BF91}.Debug|Any CPU.ActiveCfg = Debug|Any CPU
		{2C19DB67-2026-4003-8650-91E4FCC0BF91}.Debug|Any CPU.Build.0 = Debug|Any CPU
		{2C19DB67-2026-4003-8650-91E4FCC0BF91}.Release|Any CPU.ActiveCfg = Release|Any CPU
		{2C19DB67-2026-4003-8650-91E4FCC0BF91}.Release|Any CPU.Build.0 = Release|Any CPU
	EndGlobalSection
EndGlobal
